
Microsoft Visual Studio Solution File, Format Version 12.00
# Visual Studio 2012
Project("{FAE04EC0-301F-11D3-BF4B-00C04F79EFBC}") = "MSBuild.CopyContentLinkedFiles", "MSBuild.CopyContentLinkedFiles.csproj", "{D979D096-14F2-48ED-B8F6-B6074D02EBAC}"
EndProject
Global
	GlobalSection(SolutionConfigurationPlatforms) = preSolution
		Debug|Any CPU = Debug|Any CPU
		NuGet|Any CPU = NuGet|Any CPU
		Release|Any CPU = Release|Any CPU
	EndGlobalSection
	GlobalSection(ProjectConfigurationPlatforms) = postSolution
		{D979D096-14F2-48ED-B8F6-B6074D02EBAC}.Debug|Any CPU.ActiveCfg = NuGet|Any CPU
		{D979D096-14F2-48ED-B8F6-B6074D02EBAC}.Debug|Any CPU.Build.0 = NuGet|Any CPU
		{D979D096-14F2-48ED-B8F6-B6074D02EBAC}.NuGet|Any CPU.ActiveCfg = NuGet|Any CPU
		{D979D096-14F2-48ED-B8F6-B6074D02EBAC}.NuGet|Any CPU.Build.0 = NuGet|Any CPU
		{D979D096-14F2-48ED-B8F6-B6074D02EBAC}.Release|Any CPU.ActiveCfg = NuGet|Any CPU
		{D979D096-14F2-48ED-B8F6-B6074D02EBAC}.Release|Any CPU.Build.0 = NuGet|Any CPU
	EndGlobalSection
	GlobalSection(SolutionProperties) = preSolution
		HideSolutionNode = FALSE
	EndGlobalSection
EndGlobal
